
Microsoft Visual Studio Solution File, Format Version 12.00
# Visual Studio Version 17
VisualStudioVersion = 17.12.35527.113 d17.12
MinimumVisualStudioVersion = 10.0.40219.1
Project("{FAE04EC0-301F-11D3-BF4B-00C04F79EFBC}") = "backend", "backend.csproj", "{4A600609-74E7-49AD-A56D-28A1D8C3E379}"
EndProject
Project("{54A90642-561A-4BB1-A94E-469ADEE60C69}") = "frontend", "..\frontend\frontend.esproj", "{31924793-86EE-4EE1-9500-CF387F85B770}"
EndProject
Global
	GlobalSection(SolutionConfigurationPlatforms) = preSolution
		Debug|Any CPU = Debug|Any CPU
		Release|Any CPU = Release|Any CPU
	EndGlobalSection
	GlobalSection(ProjectConfigurationPlatforms) = postSolution
		{4A600609-74E7-49AD-A56D-28A1D8C3E379}.Debug|Any CPU.ActiveCfg = Debug|Any CPU
		{4A600609-74E7-49AD-A56D-28A1D8C3E379}.Debug|Any CPU.Build.0 = Debug|Any CPU
		{4A600609-74E7-49AD-A56D-28A1D8C3E379}.Release|Any CPU.ActiveCfg = Release|Any CPU
		{4A600609-74E7-49AD-A56D-28A1D8C3E379}.Release|Any CPU.Build.0 = Release|Any CPU
		{31924793-86EE-4EE1-9500-CF387F85B770}.Debug|Any CPU.ActiveCfg = Debug|Any CPU
		{31924793-86EE-4EE1-9500-CF387F85B770}.Debug|Any CPU.Build.0 = Debug|Any CPU
		{31924793-86EE-4EE1-9500-CF387F85B770}.Debug|Any CPU.Deploy.0 = Debug|Any CPU
		{31924793-86EE-4EE1-9500-CF387F85B770}.Release|Any CPU.ActiveCfg = Release|Any CPU
		{31924793-86EE-4EE1-9500-CF387F85B770}.Release|Any CPU.Build.0 = Release|Any CPU
		{31924793-86EE-4EE1-9500-CF387F85B770}.Release|Any CPU.Deploy.0 = Release|Any CPU
	EndGlobalSection
	GlobalSection(SolutionProperties) = preSolution
		HideSolutionNode = FALSE
	EndGlobalSection
EndGlobal
